version = 1
revision = 3
requires-python = ">=3.11, <3.13"

[[package]]
name = "colorama"
version = "0.4.6"
source = { registry = "https://pypi.org/simple" }
sdist = { url = "https://files.pythonhosted.org/packages/d8/53/6f443c9a4a8358a93a6792e2acffb9d9d5cb0a5cfd8802644b7b1c9a02e4/colorama-0.4.6.tar.gz", hash = "sha256:08695f5cb7ed6e0531a20572697297273c47b8cae5a63ffc6d6ed5c201be6e44", size = 27697, upload-time = "2022-10-25T02:36:22.414Z" }
wheels = [
    { url = "https://files.pythonhosted.org/packages/d1/d6/3965ed04c63042e047cb6a3e6ed1a63a35087b6a609aa3a15ed8ac56c221/colorama-0.4.6-py2.py3-none-any.whl", hash = "sha256:4f1d9991f5acc0ca119f9d443620b77f9d6b33703e51011c16baf57afb285fc6", size = 25335, upload-time = "2022-10-25T02:36:20.889Z" },
]

[[package]]
name = "configobj"
version = "5.0.9"
source = { registry = "https://pypi.org/simple" }
sdist = { url = "https://files.pythonhosted.org/packages/f5/c4/c7f9e41bc2e5f8eeae4a08a01c91b2aea3dfab40a3e14b25e87e7db8d501/configobj-5.0.9.tar.gz", hash = "sha256:03c881bbf23aa07bccf1b837005975993c4ab4427ba57f959afdd9d1a2386848", size = 101518, upload-time = "2024-09-21T12:47:46.315Z" }
wheels = [
    { url = "https://files.pythonhosted.org/packages/a6/c4/0679472c60052c27efa612b4cd3ddd2a23e885dcdc73461781d2c802d39e/configobj-5.0.9-py2.py3-none-any.whl", hash = "sha256:1ba10c5b6ee16229c79a05047aeda2b55eb4e80d7c7d8ecf17ec1ca600c79882", size = 35615, upload-time = "2024-11-26T14:03:32.972Z" },
]

[[package]]
name = "coverage"
version = "7.13.5"
source = { registry = "https://pypi.org/simple" }
sdist = { url = "https://files.pythonhosted.org/packages/9d/e0/70553e3000e345daff267cec284ce4cbf3fc141b6da229ac52775b5428f1/coverage-7.13.5.tar.gz", hash = "sha256:c81f6515c4c40141f83f502b07bbfa5c240ba25bbe73da7b33f1e5b6120ff179", size = 915967, upload-time = "2026-03-17T10:33:18.341Z" }
wheels = [
    { url = "https://files.pythonhosted.org/packages/4b/37/d24c8f8220ff07b839b2c043ea4903a33b0f455abe673ae3c03bbdb7f212/coverage-7.13.5-cp311-cp311-macosx_10_9_x86_64.whl", hash = "sha256:66a80c616f80181f4d643b0f9e709d97bcea413ecd9631e1dedc7401c8e6695d", size = 219381, upload-time = "2026-03-17T10:30:14.68Z" },
    { url = "https://files.pythonhosted.org/packages/35/8b/cd129b0ca4afe886a6ce9d183c44d8301acbd4ef248622e7c49a23145605/coverage-7.13.5-cp311-cp311-macosx_11_0_arm64.whl", hash = "sha256:145ede53ccbafb297c1c9287f788d1bc3efd6c900da23bf6931b09eafc931587", size = 219880, upload-time = "2026-03-17T10:30:16.231Z" },
    { url = "https://files.pythonhosted.org/packages/55/2f/e0e5b237bffdb5d6c530ce87cc1d413a5b7d7dfd60fb067ad6d254c35c76/coverage-7.13.5-cp311-cp311-manylinux1_i686.manylinux_2_28_i686.manylinux_2_5_i686.whl", hash = "sha256:0672854dc733c342fa3e957e0605256d2bf5934feeac328da9e0b5449634a642", size = 250303, upload-time = "2026-03-17T10:30:17.748Z" },
    { url = "https://files.pythonhosted.org/packages/92/be/b1afb692be85b947f3401375851484496134c5554e67e822c35f28bf2fbc/coverage-7.13.5-cp311-cp311-manylinux1_x86_64.manylinux_2_28_x86_64.manylinux_2_5_x86_64.whl", hash = "sha256:ec10e2a42b41c923c2209b846126c6582db5e43a33157e9870ba9fb70dc7854b", size = 252218, upload-time = "2026-03-17T10:30:19.804Z" },
    { url = "https://files.pythonhosted.org/packages/da/69/2f47bb6fa1b8d1e3e5d0c4be8ccb4313c63d742476a619418f85740d597b/coverage-7.13.5-cp311-cp311-manylinux2014_aarch64.manylinux_2_17_aarch64.manylinux_2_28_aarch64.whl", hash = "sha256:be3d4bbad9d4b037791794ddeedd7d64a56f5933a2c1373e18e9e568b9141686", size = 254326, upload-time = "2026-03-17T10:30:21.321Z" },
    { url = "https://files.pythonhosted.org/packages/d5/d0/79db81da58965bd29dabc8f4ad2a2af70611a57cba9d1ec006f072f30a54/coverage-7.13.5-cp311-cp311-manylinux2014_ppc64le.manylinux_2_17_ppc64le.manylinux_2_28_ppc64le.whl", hash = "sha256:4d2afbc5cc54d286bfb54541aa50b64cdb07a718227168c87b9e2fb8f25e1743", size = 256267, upload-time = "2026-03-17T10:30:23.094Z" },
    { url = "https://files.pythonhosted.org/packages/e5/32/d0d7cc8168f91ddab44c0ce4806b969df5f5fdfdbb568eaca2dbc2a04936/coverage-7.13.5-cp311-cp311-manylinux_2_31_riscv64.manylinux_2_39_riscv64.whl", hash = "sha256:3ad050321264c49c2fa67bb599100456fc51d004b82534f379d16445da40fb75", size = 250430, upload-time = "2026-03-17T10:30:25.311Z" },
    { url = "https://files.pythonhosted.org/packages/4d/06/a055311d891ddbe231cd69fdd20ea4be6e3603ffebddf8704b8ca8e10a3c/coverage-7.13.5-cp311-cp311-musllinux_1_2_aarch64.whl", hash = "sha256:7300c8a6d13335b29bb76d7651c66af6bd8658517c43499f110ddc6717bfc209", size = 252017, upload-time = "2026-03-17T10:30:27.284Z" },
    { url = "https://files.pythonhosted.org/packages/d6/f6/d0fd2d21e29a657b5f77a2fe7082e1568158340dceb941954f776dce1b7b/coverage-7.13.5-cp311-cp311-musllinux_1_2_i686.whl", hash = "sha256:eb07647a5738b89baab047f14edd18ded523de60f3b30e75c2acc826f79c839a", size = 250080, upload-time = "2026-03-17T10:30:29.481Z" },
    { url = "https://files.pythonhosted.org/packages/4e/ab/0d7fb2efc2e9a5eb7ddcc6e722f834a69b454b7e6e5888c3a8567ecffb31/coverage-7.13.5-cp311-cp311-musllinux_1_2_ppc64le.whl", hash = "sha256:9adb6688e3b53adffefd4a52d72cbd8b02602bfb8f74dcd862337182fd4d1a4e", size = 253843, upload-time = "2026-03-17T10:30:31.301Z" },
    { url = "https://files.pythonhosted.org/packages/ba/6f/7467b917bbf5408610178f62a49c0ed4377bb16c1657f689cc61470da8ce/coverage-7.13.5-cp311-cp311-musllinux_1_2_riscv64.whl", hash = "sha256:7c8d4bc913dd70b93488d6c496c77f3aff5ea99a07e36a18f865bca55adef8bd", size = 249802, upload-time = "2026-03-17T10:30:33.358Z" },
    { url = "https://files.pythonhosted.org/packages/75/2c/1172fb689df92135f5bfbbd69fc83017a76d24ea2e2f3a1154007e2fb9f8/coverage-7.13.5-cp311-cp311-musllinux_1_2_x86_64.whl", hash = "sha256:0e3c426ffc4cd952f54ee9ffbdd10345709ecc78a3ecfd796a57236bfad0b9b8", size = 250707, upload-time = "2026-03-17T10:30:35.2Z" },
    { url = "https://files.pythonhosted.org/packages/67/21/9ac389377380a07884e3b48ba7a620fcd9dbfaf1d40565facdc6b36ec9ef/coverage-7.13.5-cp311-cp311-win32.whl", hash = "sha256:259b69bb83ad9894c4b25be2528139eecba9a82646ebdda2d9db1ba28424a6bf", size = 221880, upload-time = "2026-03-17T10:30:36.775Z" },
    { url = "https://files.pythonhosted.org/packages/af/7f/4cd8a92531253f9d7c1bbecd9fa1b472907fb54446ca768c59b531248dc5/coverage-7.13.5-cp311-cp311-win_amd64.whl", hash = "sha256:258354455f4e86e3e9d0d17571d522e13b4e1e19bf0f8596bcf9476d61e7d8a9", size = 222816, upload-time = "2026-03-17T10:30:38.891Z" },
    { url = "https://files.pythonhosted.org/packages/12/a6/1d3f6155fb0010ca68eba7fe48ca6c9da7385058b77a95848710ecf189b1/coverage-7.13.5-cp311-cp311-win_arm64.whl", hash = "sha256:bff95879c33ec8da99fc9b6fe345ddb5be6414b41d6d1ad1c8f188d26f36e028", size = 221483, upload-time = "2026-03-17T10:30:40.463Z" },
    { url = "https://files.pythonhosted.org/packages/a0/c3/a396306ba7db865bf96fc1fb3b7fd29bcbf3d829df642e77b13555163cd6/coverage-7.13.5-cp312-cp312-macosx_10_13_x86_64.whl", hash = "sha256:460cf0114c5016fa841214ff5564aa4864f11948da9440bc97e21ad1f4ba1e01", size = 219554, upload-time = "2026-03-17T10:30:42.208Z" },
    { url = "https://files.pythonhosted.org/packages/a6/16/a68a19e5384e93f811dccc51034b1fd0b865841c390e3c931dcc4699e035/coverage-7.13.5-cp312-cp312-macosx_11_0_arm64.whl", hash = "sha256:0e223ce4b4ed47f065bfb123687686512e37629be25cc63728557ae7db261422", size = 219908, upload-time = "2026-03-17T10:30:43.906Z" },
    { url = "https://files.pythonhosted.org/packages/29/72/20b917c6793af3a5ceb7fb9c50033f3ec7865f2911a1416b34a7cfa0813b/coverage-7.13.5-cp312-cp312-manylinux1_i686.manylinux_2_28_i686.manylinux_2_5_i686.whl", hash = "sha256:6e3370441f4513c6252bf042b9c36d22491142385049243253c7e48398a15a9f", size = 251419, upload-time = "2026-03-17T10:30:45.545Z" },
    { url = "https://files.pythonhosted.org/packages/8c/49/cd14b789536ac6a4778c453c6a2338bc0a2fb60c5a5a41b4008328b9acc1/coverage-7.13.5-cp312-cp312-manylinux1_x86_64.manylinux_2_28_x86_64.manylinux_2_5_x86_64.whl", hash = "sha256:03ccc709a17a1de074fb1d11f217342fb0d2b1582ed544f554fc9fc3f07e95f5", size = 254159, upload-time = "2026-03-17T10:30:47.204Z" },
    { url = "https://files.pythonhosted.org/packages/9d/00/7b0edcfe64e2ed4c0340dac14a52ad0f4c9bd0b8b5e531af7d55b703db7c/coverage-7.13.5-cp312-cp312-manylinux2014_aarch64.manylinux_2_17_aarch64.manylinux_2_28_aarch64.whl", hash = "sha256:3f4818d065964db3c1c66dc0fbdac5ac692ecbc875555e13374fdbe7eedb4376", size = 255270, upload-time = "2026-03-17T10:30:48.812Z" },
    { url = "https://files.pythonhosted.org/packages/93/89/7ffc4ba0f5d0a55c1e84ea7cee39c9fc06af7b170513d83fbf3bbefce280/coverage-7.13.5-cp312-cp312-manylinux2014_ppc64le.manylinux_2_17_ppc64le.manylinux_2_28_ppc64le.whl", hash = "sha256:012d5319e66e9d5a218834642d6c35d265515a62f01157a45bcc036ecf947256", size = 257538, upload-time = "2026-03-17T10:30:50.77Z" },
    { url = "https://files.pythonhosted.org/packages/81/bd/73ddf85f93f7e6fa83e77ccecb6162d9415c79007b4bc124008a4995e4a7/coverage-7.13.5-cp312-cp312-manylinux_2_31_riscv64.manylinux_2_39_riscv64.whl", hash = "sha256:8dd02af98971bdb956363e4827d34425cb3df19ee550ef92855b0acb9c7ce51c", size = 251821, upload-time = "2026-03-17T10:30:52.5Z" },
    { url = "https://files.pythonhosted.org/packages/a0/81/278aff4e8dec4926a0bcb9486320752811f543a3ce5b602cc7a29978d073/coverage-7.13.5-cp312-cp312-musllinux_1_2_aarch64.whl", hash = "sha256:f08fd75c50a760c7eb068ae823777268daaf16a80b918fa58eea888f8e3919f5", size = 253191, upload-time = "2026-03-17T10:30:54.543Z" },
    { url = "https://files.pythonhosted.org/packages/70/ee/fe1621488e2e0a58d7e94c4800f0d96f79671553488d401a612bebae324b/coverage-7.13.5-cp312-cp312-musllinux_1_2_i686.whl", hash = "sha256:843ea8643cf967d1ac7e8ecd4bb00c99135adf4816c0c0593fdcc47b597fcf09", size = 251337, upload-time = "2026-03-17T10:30:56.663Z" },
    { url = "https://files.pythonhosted.org/packages/37/a6/f79fb37aa104b562207cc23cb5711ab6793608e246cae1e93f26b2236ed9/coverage-7.13.5-cp312-cp312-musllinux_1_2_ppc64le.whl", hash = "sha256:9d44d7aa963820b1b971dbecd90bfe5fe8f81cff79787eb6cca15750bd2f79b9", size = 255404, upload-time = "2026-03-17T10:30:58.427Z" },
    { url = "https://files.pythonhosted.org/packages/75/f0/ed15262a58ec81ce457ceb717b7f78752a1713556b19081b76e90896e8d4/coverage-7.13.5-cp312-cp312-musllinux_1_2_riscv64.whl", hash = "sha256:7132bed4bd7b836200c591410ae7d97bf7ae8be6fc87d160b2bd881df929e7bf", size = 250903, upload-time = "2026-03-17T10:31:00.093Z" },
    { url = "https://files.pythonhosted.org/packages/0f/e9/9129958f20e7e9d4d56d51d42ccf708d15cac355ff4ac6e736e97a9393d2/coverage-7.13.5-cp312-cp312-musllinux_1_2_x86_64.whl", hash = "sha256:a698e363641b98843c517817db75373c83254781426e94ada3197cabbc2c919c", size = 252780, upload-time = "2026-03-17T10:31:01.916Z" },
    { url = "https://files.pythonhosted.org/packages/a4/d7/0ad9b15812d81272db94379fe4c6df8fd17781cc7671fdfa30c76ba5ff7b/coverage-7.13.5-cp312-cp312-win32.whl", hash = "sha256:bdba0a6b8812e8c7df002d908a9a2ea3c36e92611b5708633c50869e6d922fdf", size = 222093, upload-time = "2026-03-17T10:31:03.642Z" },
    { url = "https://files.pythonhosted.org/packages/29/3d/821a9a5799fac2556bcf0bd37a70d1d11fa9e49784b6d22e92e8b2f85f18/coverage-7.13.5-cp312-cp312-win_amd64.whl", hash = "sha256:d2c87e0c473a10bffe991502eac389220533024c8082ec1ce849f4218dded810", size = 222900, upload-time = "2026-03-17T10:31:05.651Z" },
    { url = "https://files.pythonhosted.org/packages/d4/fa/2238c2ad08e35cf4f020ea721f717e09ec3152aea75d191a7faf3ef009a8/coverage-7.13.5-cp312-cp312-win_arm64.whl", hash = "sha256:bf69236a9a81bdca3bff53796237aab096cdbf8d78a66ad61e992d9dac7eb2de", size = 221515, upload-time = "2026-03-17T10:31:07.293Z" },
    { url = "https://files.pythonhosted.org/packages/9e/ee/a4cf96b8ce1e566ed238f0659ac2d3f007ed1d14b181bcb684e19561a69a/coverage-7.13.5-py3-none-any.whl", hash = "sha256:34b02417cf070e173989b3db962f7ed56d2f644307b2cf9d5a0f258e13084a61", size = 211346, upload-time = "2026-03-17T10:33:15.691Z" },
]

[package.optional-dependencies]
toml = [
    { name = "tomli", marker = "python_full_version <= '3.11'" },
]

[[package]]
name = "iniconfig"
version = "2.3.0"
source = { registry = "https://pypi.org/simple" }
sdist = { url = "https://files.pythonhosted.org/packages/72/34/14ca021ce8e5dfedc35312d08ba8bf51fdd999c576889fc2c24cb97f4f10/iniconfig-2.3.0.tar.gz", hash = "sha256:c76315c77db068650d49c5b56314774a7804df16fee4402c1f19d6d15d8c4730", size = 20503, upload-time = "2025-10-18T21:55:43.219Z" }
wheels = [
    { url = "https://files.pythonhosted.org/packages/cb/b1/3846dd7f199d53cb17f49cba7e651e9ce294d8497c8c150530ed11865bb8/iniconfig-2.3.0-py3-none-any.whl", hash = "sha256:f631c04d2c48c52b84d0d0549c99ff3859c98df65b3101406327ecc7d53fbf12", size = 7484, upload-time = "2025-10-18T21:55:41.639Z" },
]

[[package]]
name = "multi-tasking-window-notifier-tests"
version = "0.0.0"
source = { virtual = "." }

[package.optional-dependencies]
dev = [
    { name = "configobj" },
    { name = "pytest" },
    { name = "wxpython" },
]

[package.dev-dependencies]
dev = [
    { name = "pytest-cov" },
]

[package.metadata]
requires-dist = [
    { name = "configobj", marker = "extra == 'dev'", specifier = ">=5" },
    { name = "pytest", marker = "extra == 'dev'", specifier = ">=7" },
    { name = "wxpython", marker = "extra == 'dev'", specifier = ">=4.2" },
]
provides-extras = ["dev"]

[package.metadata.requires-dev]
dev = [{ name = "pytest-cov", specifier = ">=7.1.0" }]

[[package]]
name = "numpy"
version = "2.4.4"
source = { registry = "https://pypi.org/simple" }
sdist = { url = "https://files.pythonhosted.org/packages/d7/9f/b8cef5bffa569759033adda9481211426f12f53299629b410340795c2514/numpy-2.4.4.tar.gz", hash = "sha256:2d390634c5182175533585cc89f3608a4682ccb173cc9bb940b2881c8d6f8fa0", size = 20731587, upload-time = "2026-03-29T13:22:01.298Z" }
wheels = [
    { url = "https://files.pythonhosted.org/packages/ef/c6/4218570d8c8ecc9704b5157a3348e486e84ef4be0ed3e38218ab473c83d2/numpy-2.4.4-cp311-cp311-macosx_10_9_x86_64.whl", hash = "sha256:f983334aea213c99992053ede6168500e5f086ce74fbc4acc3f2b00f5762e9db", size = 16976799, upload-time = "2026-03-29T13:18:15.438Z" },
    { url = "https://files.pythonhosted.org/packages/dd/92/b4d922c4a5f5dab9ed44e6153908a5c665b71acf183a83b93b690996e39b/numpy-2.4.4-cp311-cp311-macosx_11_0_arm64.whl", hash = "sha256:72944b19f2324114e9dc86a159787333b77874143efcf89a5167ef83cfee8af0", size = 14971552, upload-time = "2026-03-29T13:18:18.606Z" },
    { url = "https://files.pythonhosted.org/packages/8a/dc/df98c095978fa6ee7b9a9387d1d58cbb3d232d0e69ad169a4ce784bde4fd/numpy-2.4.4-cp311-cp311-macosx_14_0_arm64.whl", hash = "sha256:86b6f55f5a352b48d7fbfd2dbc3d5b780b2d79f4d3c121f33eb6efb22e9a2015", size = 5476566, upload-time = "2026-03-29T13:18:21.532Z" },
    { url = "https://files.pythonhosted.org/packages/28/34/b3fdcec6e725409223dd27356bdf5a3c2cc2282e428218ecc9cb7acc9763/numpy-2.4.4-cp311-cp311-macosx_14_0_x86_64.whl", hash = "sha256:ba1f4fc670ed79f876f70082eff4f9583c15fb9a4b89d6188412de4d18ae2f40", size = 6806482, upload-time = "2026-03-29T13:18:23.634Z" },
    { url = "https://files.pythonhosted.org/packages/68/62/63417c13aa35d57bee1337c67446761dc25ea6543130cf868eace6e8157b/numpy-2.4.4-cp311-cp311-manylinux_2_27_aarch64.manylinux_2_28_aarch64.whl", hash = "sha256:8a87ec22c87be071b6bdbd27920b129b94f2fc964358ce38f3822635a3e2e03d", size = 15973376, upload-time = "2026-03-29T13:18:26.677Z" },
    { url = "https://files.pythonhosted.org/packages/cf/c5/9fcb7e0e69cef59cf10c746b84f7d58b08bc66a6b7d459783c5a4f6101a6/numpy-2.4.4-cp311-cp311-manylinux_2_27_x86_64.manylinux_2_28_x86_64.whl", hash = "sha256:df3775294accfdd75f32c74ae39fcba920c9a378a2fc18a12b6820aa8c1fb502", size = 16925137, upload-time = "2026-03-29T13:18:30.14Z" },
    { url = "https://files.pythonhosted.org/packages/7e/43/80020edacb3f84b9efdd1591120a4296462c23fd8db0dde1666f6ef66f13/numpy-2.4.4-cp311-cp311-musllinux_1_2_aarch64.whl", hash = "sha256:0d4e437e295f18ec29bc79daf55e8a47a9113df44d66f702f02a293d93a2d6dd", size = 17329414, upload-time = "2026-03-29T13:18:33.733Z" },
    { url = "https://files.pythonhosted.org/packages/fd/06/af0658593b18a5f73532d377188b964f239eb0894e664a6c12f484472f97/numpy-2.4.4-cp311-cp311-musllinux_1_2_x86_64.whl", hash = "sha256:6aa3236c78803afbcb255045fbef97a9e25a1f6c9888357d205ddc42f4d6eba5", size = 18658397, upload-time = "2026-03-29T13:18:37.511Z" },
    { url = "https://files.pythonhosted.org/packages/e6/ce/13a09ed65f5d0ce5c7dd0669250374c6e379910f97af2c08c57b0608eee4/numpy-2.4.4-cp311-cp311-win32.whl", hash = "sha256:30caa73029a225b2d40d9fae193e008e24b2026b7ee1a867b7ee8d96ca1a448e", size = 6239499, upload-time = "2026-03-29T13:18:40.372Z" },
    { url = "https://files.pythonhosted.org/packages/bd/63/05d193dbb4b5eec1eca73822d80da98b511f8328ad4ae3ca4caf0f4db91d/numpy-2.4.4-cp311-cp311-win_amd64.whl", hash = "sha256:6bbe4eb67390b0a0265a2c25458f6b90a409d5d069f1041e6aff1e27e3d9a79e", size = 12614257, upload-time = "2026-03-29T13:18:42.95Z" },
    { url = "https://files.pythonhosted.org/packages/87/c5/8168052f080c26fa984c413305012be54741c9d0d74abd7fbeeccae3889f/numpy-2.4.4-cp311-cp311-win_arm64.whl", hash = "sha256:fcfe2045fd2e8f3cb0ce9d4ba6dba6333b8fa05bb8a4939c908cd43322d14c7e", size = 10486775, upload-time = "2026-03-29T13:18:45.835Z" },
    { url = "https://files.pythonhosted.org/packages/28/05/32396bec30fb2263770ee910142f49c1476d08e8ad41abf8403806b520ce/numpy-2.4.4-cp312-cp312-macosx_10_13_x86_64.whl", hash = "sha256:15716cfef24d3a9762e3acdf87e27f58dc823d1348f765bbea6bef8c639bfa1b", size = 16689272, upload-time = "2026-03-29T13:18:49.223Z" },
    { url = "https://files.pythonhosted.org/packages/c5/f3/a983d28637bfcd763a9c7aafdb6d5c0ebf3d487d1e1459ffdb57e2f01117/numpy-2.4.4-cp312-cp312-macosx_11_0_arm64.whl", hash = "sha256:23cbfd4c17357c81021f21540da84ee282b9c8fba38a03b7b9d09ba6b951421e", size = 14699573, upload-time = "2026-03-29T13:18:52.629Z" },
    { url = "https://files.pythonhosted.org/packages/9b/fd/e5ecca1e78c05106d98028114f5c00d3eddb41207686b2b7de3e477b0e22/numpy-2.4.4-cp312-cp312-macosx_14_0_arm64.whl", hash = "sha256:8b3b60bb7cba2c8c81837661c488637eee696f59a877788a396d33150c35d842", size = 5204782, upload-time = "2026-03-29T13:18:55.579Z" },
    { url = "https://files.pythonhosted.org/packages/de/2f/702a4594413c1a8632092beae8aba00f1d67947389369b3777aed783fdca/numpy-2.4.4-cp312-cp312-macosx_14_0_x86_64.whl", hash = "sha256:e4a010c27ff6f210ff4c6ef34394cd61470d01014439b192ec22552ee867f2a8", size = 6552038, upload-time = "2026-03-29T13:18:57.769Z" },
    { url = "https://files.pythonhosted.org/packages/7f/37/eed308a8f56cba4d1fdf467a4fc67ef4ff4bf1c888f5fc980481890104b1/numpy-2.4.4-cp312-cp312-manylinux_2_27_aarch64.manylinux_2_28_aarch64.whl", hash = "sha256:f9e75681b59ddaa5e659898085ae0eaea229d054f2ac0c7e563a62205a700121", size = 15670666, upload-time = "2026-03-29T13:19:00.341Z" },
    { url = "https://files.pythonhosted.org/packages/0a/0d/0e3ecece05b7a7e87ab9fb587855548da437a061326fff64a223b6dcb78a/numpy-2.4.4-cp312-cp312-manylinux_2_27_x86_64.manylinux_2_28_x86_64.whl", hash = "sha256:81f4a14bee47aec54f883e0cad2d73986640c1590eb9bfaaba7ad17394481e6e", size = 16645480, upload-time = "2026-03-29T13:19:03.63Z" },
    { url = "https://files.pythonhosted.org/packages/34/49/f2312c154b82a286758ee2f1743336d50651f8b5195db18cdb63675ff649/numpy-2.4.4-cp312-cp312-musllinux_1_2_aarch64.whl", hash = "sha256:62d6b0f03b694173f9fcb1fb317f7222fd0b0b103e784c6549f5e53a27718c44", size = 17020036, upload-time = "2026-03-29T13:19:07.428Z" },
    { url = "https://files.pythonhosted.org/packages/7b/e9/736d17bd77f1b0ec4f9901aaec129c00d59f5d84d5e79bba540ef12c2330/numpy-2.4.4-cp312-cp312-musllinux_1_2_x86_64.whl", hash = "sha256:fbc356aae7adf9e6336d336b9c8111d390a05df88f1805573ebb0807bd06fd1d", size = 18368643, upload-time = "2026-03-29T13:19:10.775Z" },
    { url = "https://files.pythonhosted.org/packages/63/f6/d417977c5f519b17c8a5c3bc9e8304b0908b0e21136fe43bf628a1343914/numpy-2.4.4-cp312-cp312-win32.whl", hash = "sha256:0d35aea54ad1d420c812bfa0385c71cd7cc5bcf7c65fed95fc2cd02fe8c79827", size = 5961117, upload-time = "2026-03-29T13:19:13.464Z" },
    { url = "https://files.pythonhosted.org/packages/2d/5b/e1deebf88ff431b01b7406ca3583ab2bbb90972bbe1c568732e49c844f7e/numpy-2.4.4-cp312-cp312-win_amd64.whl", hash = "sha256:b5f0362dc928a6ecd9db58868fca5e48485205e3855957bdedea308f8672ea4a", size = 12320584, upload-time = "2026-03-29T13:19:16.155Z" },
    { url = "https://files.pythonhosted.org/packages/58/89/e4e856ac82a68c3ed64486a544977d0e7bdd18b8da75b78a577ca31c4395/numpy-2.4.4-cp312-cp312-win_arm64.whl", hash = "sha256:846300f379b5b12cc769334464656bc882e0735d27d9726568bc932fdc49d5ec", size = 10221450, upload-time = "2026-03-29T13:19:18.994Z" },
    { url = "https://files.pythonhosted.org/packages/6b/33/8fae8f964a4f63ed528264ddf25d2b683d0b663e3cba26961eb838a7c1bd/numpy-2.4.4-pp311-pypy311_pp73-macosx_10_15_x86_64.whl", hash = "sha256:58c8b5929fcb8287cbd6f0a3fae19c6e03a5c48402ae792962ac465224a629a4", size = 16854491, upload-time = "2026-03-29T13:21:38.03Z" },
    { url = "https://files.pythonhosted.org/packages/bc/d0/1aabee441380b981cf8cdda3ae7a46aa827d1b5a8cce84d14598bc94d6d9/numpy-2.4.4-pp311-pypy311_pp73-macosx_11_0_arm64.whl", hash = "sha256:eea7ac5d2dce4189771cedb559c738a71512768210dc4e4753b107a2048b3d0e", size = 14895830, upload-time = "2026-03-29T13:21:41.509Z" },
    { url = "https://files.pythonhosted.org/packages/a5/b8/aafb0d1065416894fccf4df6b49ef22b8db045187949545bced89c034b8e/numpy-2.4.4-pp311-pypy311_pp73-macosx_14_0_arm64.whl", hash = "sha256:51fc224f7ca4d92656d5a5eb315f12eb5fe2c97a66249aa7b5f562528a3be38c", size = 5400927, upload-time = "2026-03-29T13:21:44.747Z" },
    { url = "https://files.pythonhosted.org/packages/d6/77/063baa20b08b431038c7f9ff5435540c7b7265c78cf56012a483019ca72d/numpy-2.4.4-pp311-pypy311_pp73-macosx_14_0_x86_64.whl", hash = "sha256:28a650663f7314afc3e6ec620f44f333c386aad9f6fc472030865dc0ebb26ee3", size = 6715557, upload-time = "2026-03-29T13:21:47.406Z" },
    { url = "https://files.pythonhosted.org/packages/c7/a8/379542d45a14f149444c5c4c4e7714707239ce9cc1de8c2803958889da14/numpy-2.4.4-pp311-pypy311_pp73-manylinux_2_27_aarch64.manylinux_2_28_aarch64.whl", hash = "sha256:19710a9ca9992d7174e9c52f643d4272dcd1558c5f7af7f6f8190f633bd651a7", size = 15804253, upload-time = "2026-03-29T13:21:50.753Z" },
    { url = "https://files.pythonhosted.org/packages/a2/c8/f0a45426d6d21e7ea3310a15cf90c43a14d9232c31a837702dba437f3373/numpy-2.4.4-pp311-pypy311_pp73-manylinux_2_27_x86_64.manylinux_2_28_x86_64.whl", hash = "sha256:9b2aec6af35c113b05695ebb5749a787acd63cafc83086a05771d1e1cd1e555f", size = 16753552, upload-time = "2026-03-29T13:21:54.344Z" },
    { url = "https://files.pythonhosted.org/packages/04/74/f4c001f4714c3ad9ce037e18cf2b9c64871a84951eaa0baf683a9ca9301c/numpy-2.4.4-pp311-pypy311_pp73-win_amd64.whl", hash = "sha256:f2cf083b324a467e1ab358c105f6cad5ea950f50524668a80c486ff1db24e119", size = 12509075, upload-time = "2026-03-29T13:21:57.644Z" },
]

[[package]]
name = "packaging"
version = "26.1"
source = { registry = "https://pypi.org/simple" }
sdist = { url = "https://files.pythonhosted.org/packages/df/de/0d2b39fb4af88a0258f3bac87dfcbb48e73fbdea4a2ed0e2213f9a4c2f9a/packaging-26.1.tar.gz", hash = "sha256:f042152b681c4bfac5cae2742a55e103d27ab2ec0f3d88037136b6bfe7c9c5de", size = 215519, upload-time = "2026-04-14T21:12:49.362Z" }
wheels = [
    { url = "https://files.pythonhosted.org/packages/7a/c2/920ef838e2f0028c8262f16101ec09ebd5969864e5a64c4c05fad0617c56/packaging-26.1-py3-none-any.whl", hash = "sha256:5d9c0669c6285e491e0ced2eee587eaf67b670d94a19e94e3984a481aba6802f", size = 95831, upload-time = "2026-04-14T21:12:47.56Z" },
]

[[package]]
name = "pluggy"
version = "1.6.0"
source = { registry = "https://pypi.org/simple" }
sdist = { url = "https://files.pythonhosted.org/packages/f9/e2/3e91f31a7d2b083fe6ef3fa267035b518369d9511ffab804f839851d2779/pluggy-1.6.0.tar.gz", hash = "sha256:7dcc130b76258d33b90f61b658791dede3486c3e6bfb003ee5c9bfb396dd22f3", size = 69412, upload-time = "2025-05-15T12:30:07.975Z" }
wheels = [
    { url = "https://files.pythonhosted.org/packages/54/20/4d324d65cc6d9205fabedc306948156824eb9f0ee1633355a8f7ec5c66bf/pluggy-1.6.0-py3-none-any.whl", hash = "sha256:e920276dd6813095e9377c0bc5566d94c932c33b27a3e3945d8389c374dd4746", size = 20538, upload-time = "2025-05-15T12:30:06.134Z" },
]

[[package]]
name = "pygments"
version = "2.20.0"
source = { registry = "https://pypi.org/simple" }
sdist = { url = "https://files.pythonhosted.org/packages/c3/b2/bc9c9196916376152d655522fdcebac55e66de6603a76a02bca1b6414f6c/pygments-2.20.0.tar.gz", hash = "sha256:6757cd03768053ff99f3039c1a36d6c0aa0b263438fcab17520b30a303a82b5f", size = 4955991, upload-time = "2026-03-29T13:29:33.898Z" }
wheels = [
    { url = "https://files.pythonhosted.org/packages/f4/7e/a72dd26f3b0f4f2bf1dd8923c85f7ceb43172af56d63c7383eb62b332364/pygments-2.20.0-py3-none-any.whl", hash = "sha256:81a9e26dd42fd28a23a2d169d86d7ac03b46e2f8b59ed4698fb4785f946d0176", size = 1231151, upload-time = "2026-03-29T13:29:30.038Z" },
]

[[package]]
name = "pytest"
version = "9.0.3"
source = { registry = "https://pypi.org/simple" }
dependencies = [
    { name = "colorama", marker = "sys_platform == 'win32'" },
    { name = "iniconfig" },
    { name = "packaging" },
    { name = "pluggy" },
    { name = "pygments" },
]
sdist = { url = "https://files.pythonhosted.org/packages/7d/0d/549bd94f1a0a402dc8cf64563a117c0f3765662e2e668477624baeec44d5/pytest-9.0.3.tar.gz", hash = "sha256:b86ada508af81d19edeb213c681b1d48246c1a91d304c6c81a427674c17eb91c", size = 1572165, upload-time = "2026-04-07T17:16:18.027Z" }
wheels = [
    { url = "https://files.pythonhosted.org/packages/d4/24/a372aaf5c9b7208e7112038812994107bc65a84cd00e0354a88c2c77a617/pytest-9.0.3-py3-none-any.whl", hash = "sha256:2c5efc453d45394fdd706ade797c0a81091eccd1d6e4bccfcd476e2b8e0ab5d9", size = 375249, upload-time = "2026-04-07T17:16:16.13Z" },
]

[[package]]
name = "pytest-cov"
version = "7.1.0"
source = { registry = "https://pypi.org/simple" }
dependencies = [
    { name = "coverage", extra = ["toml"] },
    { name = "pluggy" },
    { name = "pytest" },
]
sdist = { url = "https://files.pythonhosted.org/packages/b1/51/a849f96e117386044471c8ec2bd6cfebacda285da9525c9106aeb28da671/pytest_cov-7.1.0.tar.gz", hash = "sha256:30674f2b5f6351aa09702a9c8c364f6a01c27aae0c1366ae8016160d1efc56b2", size = 55592, upload-time = "2026-03-21T20:11:16.284Z" }
wheels = [
    { url = "https://files.pythonhosted.org/packages/9d/7a/d968e294073affff457b041c2be9868a40c1c71f4a35fcc1e45e5493067b/pytest_cov-7.1.0-py3-none-any.whl", hash = "sha256:a0461110b7865f9a271aa1b51e516c9a95de9d696734a2f71e3e78f46e1d4678", size = 22876, upload-time = "2026-03-21T20:11:14.438Z" },
]

[[package]]
name = "tomli"
version = "2.4.1"
source = { registry = "https://pypi.org/simple" }
sdist = { url = "https://files.pythonhosted.org/packages/22/de/48c59722572767841493b26183a0d1cc411d54fd759c5607c4590b6563a6/tomli-2.4.1.tar.gz", hash = "sha256:7c7e1a961a0b2f2472c1ac5b69affa0ae1132c39adcb67aba98568702b9cc23f", size = 17543, upload-time = "2026-03-25T20:22:03.828Z" }
wheels = [
    { url = "https://files.pythonhosted.org/packages/f4/11/db3d5885d8528263d8adc260bb2d28ebf1270b96e98f0e0268d32b8d9900/tomli-2.4.1-cp311-cp311-macosx_10_9_x86_64.whl", hash = "sha256:f8f0fc26ec2cc2b965b7a3b87cd19c5c6b8c5e5f436b984e85f486d652285c30", size = 154704, upload-time = "2026-03-25T20:21:10.473Z" },
    { url = "https://files.pythonhosted.org/packages/6d/f7/675db52c7e46064a9aa928885a9b20f4124ecb9bc2e1ce74c9106648d202/tomli-2.4.1-cp311-cp311-macosx_11_0_arm64.whl", hash = "sha256:4ab97e64ccda8756376892c53a72bd1f964e519c77236368527f758fbc36a53a", size = 149454, upload-time = "2026-03-25T20:21:12.036Z" },
    { url = "https://files.pythonhosted.org/packages/61/71/81c50943cf953efa35bce7646caab3cf457a7d8c030b27cfb40d7235f9ee/tomli-2.4.1-cp311-cp311-manylinux2014_aarch64.manylinux_2_17_aarch64.manylinux_2_28_aarch64.whl", hash = "sha256:96481a5786729fd470164b47cdb3e0e58062a496f455ee41b4403be77cb5a076", size = 237561, upload-time = "2026-03-25T20:21:13.098Z" },
    { url = "https://files.pythonhosted.org/packages/48/c1/f41d9cb618acccca7df82aaf682f9b49013c9397212cb9f53219e3abac37/tomli-2.4.1-cp311-cp311-manylinux2014_x86_64.manylinux_2_17_x86_64.manylinux_2_28_x86_64.whl", hash = "sha256:5a881ab208c0baf688221f8cecc5401bd291d67e38a1ac884d6736cbcd8247e9", size = 243824, upload-time = "2026-03-25T20:21:14.569Z" },
    { url = "https://files.pythonhosted.org/packages/22/e4/5a816ecdd1f8ca51fb756ef684b90f2780afc52fc67f987e3c61d800a46d/tomli-2.4.1-cp311-cp311-musllinux_1_2_aarch64.whl", hash = "sha256:47149d5bd38761ac8be13a84864bf0b7b70bc051806bc3669ab1cbc56216b23c", size = 242227, upload-time = "2026-03-25T20:21:15.712Z" },
    { url = "https://files.pythonhosted.org/packages/6b/49/2b2a0ef529aa6eec245d25f0c703e020a73955ad7edf73e7f54ddc608aa5/tomli-2.4.1-cp311-cp311-musllinux_1_2_x86_64.whl", hash = "sha256:ec9bfaf3ad2df51ace80688143a6a4ebc09a248f6ff781a9945e51937008fcbc", size = 247859, upload-time = "2026-03-25T20:21:17.001Z" },
    { url = "https://files.pythonhosted.org/packages/83/bd/6c1a630eaca337e1e78c5903104f831bda934c426f9231429396ce3c3467/tomli-2.4.1-cp311-cp311-win32.whl", hash = "sha256:ff2983983d34813c1aeb0fa89091e76c3a22889ee83ab27c5eeb45100560c049", size = 97204, upload-time = "2026-03-25T20:21:18.079Z" },
    { url = "https://files.pythonhosted.org/packages/42/59/71461df1a885647e10b6bb7802d0b8e66480c61f3f43079e0dcd315b3954/tomli-2.4.1-cp311-cp311-win_amd64.whl", hash = "sha256:5ee18d9ebdb417e384b58fe414e8d6af9f4e7a0ae761519fb50f721de398dd4e", size = 108084, upload-time = "2026-03-25T20:21:18.978Z" },
    { url = "https://files.pythonhosted.org/packages/b8/83/dceca96142499c069475b790e7913b1044c1a4337e700751f48ed723f883/tomli-2.4.1-cp311-cp311-win_arm64.whl", hash = "sha256:c2541745709bad0264b7d4705ad453b76ccd191e64aa6f0fc66b69a293a45ece", size = 95285, upload-time = "2026-03-25T20:21:20.309Z" },
    { url = "https://files.pythonhosted.org/packages/c1/ba/42f134a3fe2b370f555f44b1d72feebb94debcab01676bf918d0cb70e9aa/tomli-2.4.1-cp312-cp312-macosx_10_13_x86_64.whl", hash = "sha256:c742f741d58a28940ce01d58f0ab2ea3ced8b12402f162f4d534dfe18ba1cd6a", size = 155924, upload-time = "2026-03-25T20:21:21.626Z" },
    { url = "https://files.pythonhosted.org/packages/dc/c7/62d7a17c26487ade21c5422b646110f2162f1fcc95980ef7f63e73c68f14/tomli-2.4.1-cp312-cp312-macosx_11_0_arm64.whl", hash = "sha256:7f86fd587c4ed9dd76f318225e7d9b29cfc5a9d43de44e5754db8d1128487085", size = 150018, upload-time = "2026-03-25T20:21:23.002Z" },
    { url = "https://files.pythonhosted.org/packages/5c/05/79d13d7c15f13bdef410bdd49a6485b1c37d28968314eabee452c22a7fda/tomli-2.4.1-cp312-cp312-manylinux2014_aarch64.manylinux_2_17_aarch64.manylinux_2_28_aarch64.whl", hash = "sha256:ff18e6a727ee0ab0388507b89d1bc6a22b138d1e2fa56d1ad494586d61d2eae9", size = 244948, upload-time = "2026-03-25T20:21:24.04Z" },
    { url = "https://files.pythonhosted.org/packages/10/90/d62ce007a1c80d0b2c93e02cab211224756240884751b94ca72df8a875ca/tomli-2.4.1-cp312-cp312-manylinux2014_x86_64.manylinux_2_17_x86_64.manylinux_2_28_x86_64.whl", hash = "sha256:136443dbd7e1dee43c68ac2694fde36b2849865fa258d39bf822c10e8068eac5", size = 253341, upload-time = "2026-03-25T20:21:25.177Z" },
    { url = "https://files.pythonhosted.org/packages/1a/7e/caf6496d60152ad4ed09282c1885cca4eea150bfd007da84aea07bcc0a3e/tomli-2.4.1-cp312-cp312-musllinux_1_2_aarch64.whl", hash = "sha256:5e262d41726bc187e69af7825504c933b6794dc3fbd5945e41a79bb14c31f585", size = 248159, upload-time = "2026-03-25T20:21:26.364Z" },
    { url = "https://files.pythonhosted.org/packages/99/e7/c6f69c3120de34bbd882c6fba7975f3d7a746e9218e56ab46a1bc4b42552/tomli-2.4.1-cp312-cp312-musllinux_1_2_x86_64.whl", hash = "sha256:5cb41aa38891e073ee49d55fbc7839cfdb2bc0e600add13874d048c94aadddd1", size = 253290, upload-time = "2026-03-25T20:21:27.46Z" },
    { url = "https://files.pythonhosted.org/packages/d6/2f/4a3c322f22c5c66c4b836ec58211641a4067364f5dcdd7b974b4c5da300c/tomli-2.4.1-cp312-cp312-win32.whl", hash = "sha256:da25dc3563bff5965356133435b757a795a17b17d01dbc0f42fb32447ddfd917", size = 98141, upload-time = "2026-03-25T20:21:28.492Z" },
    { url = "https://files.pythonhosted.org/packages/24/22/4daacd05391b92c55759d55eaee21e1dfaea86ce5c571f10083360adf534/tomli-2.4.1-cp312-cp312-win_amd64.whl", hash = "sha256:52c8ef851d9a240f11a88c003eacb03c31fc1c9c4ec64a99a0f922b93874fda9", size = 108847, upload-time = "2026-03-25T20:21:29.386Z" },
    { url = "https://files.pythonhosted.org/packages/68/fd/70e768887666ddd9e9f5d85129e84910f2db2796f9096aa02b721a53098d/tomli-2.4.1-cp312-cp312-win_arm64.whl", hash = "sha256:f758f1b9299d059cc3f6546ae2af89670cb1c4d48ea29c3cacc4fe7de3058257", size = 95088, upload-time = "2026-03-25T20:21:30.677Z" },
    { url = "https://files.pythonhosted.org/packages/7b/61/cceae43728b7de99d9b847560c262873a1f6c98202171fd5ed62640b494b/tomli-2.4.1-py3-none-any.whl", hash = "sha256:0d85819802132122da43cb86656f8d1f8c6587d54ae7dcaf30e90533028b49fe", size = 14583, upload-time = "2026-03-25T20:22:03.012Z" },
]

[[package]]
name = "wxpython"
version = "4.2.5"
source = { registry = "https://pypi.org/simple" }
dependencies = [
    { name = "numpy", marker = "python_full_version < '3.12'" },
]
sdist = { url = "https://files.pythonhosted.org/packages/22/43/81657a6b126ffc19163500a8184d683cec08eb4e1d06905cd0c371c702d0/wxpython-4.2.5.tar.gz", hash = "sha256:44e836d1bccd99c38790bb034b6ecf70d9060f6734320560f7c4b0d006144793", size = 58732217, upload-time = "2026-02-08T20:40:42.086Z" }
wheels = [
    { url = "https://files.pythonhosted.org/packages/5f/42/bf668af08ec8214e035921026c9de2cdea42921e3ec99adcb13caadf4b3b/wxpython-4.2.5-cp311-cp311-macosx_11_0_arm64.whl", hash = "sha256:a5ecb93cc17e09e90d71a1f8d99a543268a5f019aeec058b24374926f79bb6fc", size = 17762422, upload-time = "2026-02-08T20:39:40.995Z" },
    { url = "https://files.pythonhosted.org/packages/66/15/1ea546fac050367e8e7771fcde314636444f2df71828eedd60f2c4bb89c0/wxpython-4.2.5-cp311-cp311-macosx_14_0_x86_64.whl", hash = "sha256:26f80c81a150c90c14b50cbb246b7048d65d737d0206d28a6860171b273af932", size = 18811865, upload-time = "2026-02-08T20:39:44.483Z" },
    { url = "https://files.pythonhosted.org/packages/26/b3/06405cbaf7168648c913c4737b810bccb6b434f0693832cbe621d0852827/wxpython-4.2.5-cp311-cp311-win32.whl", hash = "sha256:ade4d6b39c39770146ce1010df7d7a5a767d148b478133d49c36dffb0880a174", size = 14508676, upload-time = "2026-02-08T20:39:48.17Z" },
    { url = "https://files.pythonhosted.org/packages/dd/95/5b4928819f161fb4cb38a5b5a001abb8d66500b2399bf20f914215e8e17e/wxpython-4.2.5-cp311-cp311-win_amd64.whl", hash = "sha256:508de82ac2b64aa575a543949c44dc7f83a734622bed01d8501474ab454f7bb7", size = 16566588, upload-time = "2026-02-08T20:39:51.49Z" },
    { url = "https://files.pythonhosted.org/packages/42/e3/64a16f064b188903c5ade786468bb1221879f500e0aae98acc70be9c0f7d/wxpython-4.2.5-cp311-cp311-win_arm64.whl", hash = "sha256:9bf5704eedd21bd1fe3143d8ed1cfe8250e1fbb651eb6c17a73533136745fe5a", size = 15530728, upload-time = "2026-02-08T20:39:54.533Z" },
    { url = "https://files.pythonhosted.org/packages/cc/b7/aa689ba41312a94079e692f7a5a5c0bd1c6086bc929c9eb13f3b5c6bda58/wxpython-4.2.5-cp312-cp312-macosx_11_0_arm64.whl", hash = "sha256:310772b05372c2daa76fefa7e57d20106b522d53b49d3edc3d9ac1fde7e3782e", size = 17774402, upload-time = "2026-02-08T20:39:57.348Z" },
    { url = "https://files.pythonhosted.org/packages/21/66/4ea97c2b6e8e627e645b3a8a2f6e4d5db3c1799845d730fd3df91b5ac294/wxpython-4.2.5-cp312-cp312-macosx_14_0_x86_64.whl", hash = "sha256:10bba0d56547f34d12b5450e8c73e32ff821aed10a2f34a0c666c8355eb9ee98", size = 18855177, upload-time = "2026-02-08T20:40:00.588Z" },
    { url = "https://files.pythonhosted.org/packages/5d/3a/5136bf39877640c8a254f1370279943366d04d321461a450fcef53722f38/wxpython-4.2.5-cp312-cp312-win32.whl", hash = "sha256:e7079d9a7374b3fd5896bdea7c73faa8da52e1fbcce5368796b5c22d7de747a6", size = 14519633, upload-time = "2026-02-08T20:40:03.577Z" },
    { url = "https://files.pythonhosted.org/packages/99/5d/2c2c9dbf78f9524daf79014337e193531332c3598b16ccc11290dad9c17f/wxpython-4.2.5-cp312-cp312-win_amd64.whl", hash = "sha256:c54962f0524662d16591a03c786cd4d71bc43c70ede8244e0a5a59aa3979d124", size = 16577057, upload-time = "2026-02-08T20:40:06.002Z" },
    { url = "https://files.pythonhosted.org/packages/b4/10/a7ed092d0426cc98ab1a907c9e6161d8846e0de0450447b877048a8ef4e3/wxpython-4.2.5-cp312-cp312-win_arm64.whl", hash = "sha256:cda1fb351caa4555bd18717f610c9a3b03d25e64db4a22e004b141f91d02fa8c", size = 15537110, upload-time = "2026-02-08T20:40:09.022Z" },
]
